
Microsoft Visual Studio Solution File, Format Version 12.00
# Visual Studio Version 17
VisualStudioVersion = 17.1.32319.34
MinimumVisualStudioVersion = 10.0.40219.1
Project("{9A19103F-16F7-4668-BE54-9A1E7A4F7556}") = "MyAppWeb", "MyAppWeb\MyAppWeb.csproj", "{18CD8815-3C5D-46A8-9C66-A400ADAA429E}"
EndProject
Project("{9A19103F-16F7-4668-BE54-9A1E7A4F7556}") = "MyAppModels", "MyAppModel\MyAppModels.csproj", "{2FA20139-3930-4064-B281-F9361BAD14E9}"
EndProject
Project("{9A19103F-16F7-4668-BE54-9A1E7A4F7556}") = "MyApp.DataAccessLayer", "DataAccessLayer\MyApp.DataAccessLayer.csproj", "{22490748-B033-4929-8515-380CD9687123}"
EndProject
Project("{FAE04EC0-301F-11D3-BF4B-00C04F79EFBC}") = "MyApp.CommonHelper", "MyApp.CommonHelper\MyApp.CommonHelper.csproj", "{A87C77FE-5139-4758-892D-24CFCDB304DC}"
EndProject
Global
	GlobalSection(SolutionConfigurationPlatforms) = preSolution
		Debug|Any CPU = Debug|Any CPU
		Release|Any CPU = Release|Any CPU
	EndGlobalSection
	GlobalSection(ProjectConfigurationPlatforms) = postSolution
		{18CD8815-3C5D-46A8-9C66-A400ADAA429E}.Debug|Any CPU.ActiveCfg = Debug|Any CPU
		{18CD8815-3C5D-46A8-9C66-A400ADAA429E}.Debug|Any CPU.Build.0 = Debug|Any CPU
		{18CD8815-3C5D-46A8-9C66-A400ADAA429E}.Release|Any CPU.ActiveCfg = Release|Any CPU
		{18CD8815-3C5D-46A8-9C66-A400ADAA429E}.Release|Any CPU.Build.0 = Release|Any CPU
		{2FA20139-3930-4064-B281-F9361BAD14E9}.Debug|Any CPU.ActiveCfg = Debug|Any CPU
		{2FA20139-3930-4064-B281-F9361BAD14E9}.Debug|Any CPU.Build.0 = Debug|Any CPU
		{2FA20139-3930-4064-B281-F9361BAD14E9}.Release|Any CPU.ActiveCfg = Release|Any CPU
		{2FA20139-3930-4064-B281-F9361BAD14E9}.Release|Any CPU.Build.0 = Release|Any CPU
		{22490748-B033-4929-8515-380CD9687123}.Debug|Any CPU.ActiveCfg = Debug|Any CPU
		{22490748-B033-4929-8515-380CD9687123}.Debug|Any CPU.Build.0 = Debug|Any CPU
		{22490748-B033-4929-8515-380CD9687123}.Release|Any CPU.ActiveCfg = Release|Any CPU
		{22490748-B033-4929-8515-380CD9687123}.Release|Any CPU.Build.0 = Release|Any CPU
		{A87C77FE-5139-4758-892D-24CFCDB304DC}.Debug|Any CPU.ActiveCfg = Debug|Any CPU
		{A87C77FE-5139-4758-892D-24CFCDB304DC}.Debug|Any CPU.Build.0 = Debug|Any CPU
		{A87C77FE-5139-4758-892D-24CFCDB304DC}.Release|Any CPU.ActiveCfg = Release|Any CPU
		{A87C77FE-5139-4758-892D-24CFCDB304DC}.Release|Any CPU.Build.0 = Release|Any CPU
	EndGlobalSection
	GlobalSection(SolutionProperties) = preSolution
		HideSolutionNode = FALSE
	EndGlobalSection
	GlobalSection(ExtensibilityGlobals) = postSolution
		SolutionGuid = {64A9E19C-568A-4B55-B4FD-F8413A815B2A}
	EndGlobalSection
EndGlobal
